// !$*UTF8*$!
{
	archiveVersion = 1;
	classes = {
	};
	objectVersion = 48;
	objects = {

/* Begin PBXBuildFile section */
		7770EC591FAEB054003F3B11 /* HomeViewController.swift in Sources */ = {isa = PBXBuildFile; fileRef = 7770EC581FAEB054003F3B11 /* HomeViewController.swift */; };
		77D45FBE1FAE96EB0034DDBA /* AppDelegate.swift in Sources */ = {isa = PBXBuildFile; fileRef = 77D45FBD1FAE96EB0034DDBA /* AppDelegate.swift */; };
		77D45FC01FAE96EB0034DDBA /* ViewController.swift in Sources */ = {isa = PBXBuildFile; fileRef = 77D45FBF1FAE96EB0034DDBA /* ViewController.swift */; };
		77D45FC31FAE96EB0034DDBA /* Main.storyboard in Resources */ = {isa = PBXBuildFile; fileRef = 77D45FC11FAE96EB0034DDBA /* Main.storyboard */; };
		77D45FC51FAE96EB0034DDBA /* Assets.xcassets in Resources */ = {isa = PBXBuildFile; fileRef = 77D45FC41FAE96EB0034DDBA /* Assets.xcassets */; };
		77D45FC81FAE96EB0034DDBA /* LaunchScreen.storyboard in Resources */ = {isa = PBXBuildFile; fileRef = 77D45FC61FAE96EB0034DDBA /* LaunchScreen.storyboard */; };
		C397DF2C1FB5B08A00D6C0AF /* Pods_BuckIt.framework in Frameworks */ = {isa = PBXBuildFile; fileRef = C397DF2D1FB5B08A00D6C0AF /* Pods_BuckIt.framework */; };
		C397DF2F1FB5B19000D6C0AF /* GoogleService-Info.plist in Resources */ = {isa = PBXBuildFile; fileRef = C397DF2E1FB5B19000D6C0AF /* GoogleService-Info.plist */; };
		E05A8A9A200EE1C100C412B0 /* ProfileViewController.swift in Sources */ = {isa = PBXBuildFile; fileRef = E05A8A99200EE1C100C412B0 /* ProfileViewController.swift */; };
		E05D2D0F2015C07D001EF97C /* User.swift in Sources */ = {isa = PBXBuildFile; fileRef = E05D2D0E2015C07D001EF97C /* User.swift */; };
		E05D2D172015C4CB001EF97C /* TableViewCell.swift in Sources */ = {isa = PBXBuildFile; fileRef = E05D2D162015C4CB001EF97C /* TableViewCell.swift */; };
		E08D6EE920116139003EC2DA /* EditProfileViewController.swift in Sources */ = {isa = PBXBuildFile; fileRef = E08D6EE820116139003EC2DA /* EditProfileViewController.swift */; };
		E0C1BA0020147DD7009FE4D5 /* Profile.storyboard in Resources */ = {isa = PBXBuildFile; fileRef = E0C1B9FF20147DD7009FE4D5 /* Profile.storyboard */; };
/* End PBXBuildFile section */

/* Begin PBXFileReference section */
		166D2B8B926599B77BC72311 /* Pods_BuckIt.framework */ = {isa = PBXFileReference; explicitFileType = wrapper.framework; includeInIndex = 0; path = Pods_BuckIt.framework; sourceTree = BUILT_PRODUCTS_DIR; };
		1B5944A0585E1AA42CEFF7F4 /* Pods-BuckIt.release.xcconfig */ = {isa = PBXFileReference; includeInIndex = 1; lastKnownFileType = text.xcconfig; name = "Pods-BuckIt.release.xcconfig"; path = "Pods/Target Support Files/Pods-BuckIt/Pods-BuckIt.release.xcconfig"; sourceTree = "<group>"; };
		7770EC581FAEB054003F3B11 /* HomeViewController.swift */ = {isa = PBXFileReference; lastKnownFileType = sourcecode.swift; path = HomeViewController.swift; sourceTree = "<group>"; };
		77D45FBA1FAE96EB0034DDBA /* BuckIt.app */ = {isa = PBXFileReference; explicitFileType = wrapper.application; includeInIndex = 0; path = BuckIt.app; sourceTree = BUILT_PRODUCTS_DIR; };
		77D45FBD1FAE96EB0034DDBA /* AppDelegate.swift */ = {isa = PBXFileReference; lastKnownFileType = sourcecode.swift; path = AppDelegate.swift; sourceTree = "<group>"; };
		77D45FBF1FAE96EB0034DDBA /* ViewController.swift */ = {isa = PBXFileReference; lastKnownFileType = sourcecode.swift; path = ViewController.swift; sourceTree = "<group>"; };
		77D45FC21FAE96EB0034DDBA /* Base */ = {isa = PBXFileReference; lastKnownFileType = file.storyboard; name = Base; path = Base.lproj/Main.storyboard; sourceTree = "<group>"; };
		77D45FC41FAE96EB0034DDBA /* Assets.xcassets */ = {isa = PBXFileReference; lastKnownFileType = folder.assetcatalog; path = Assets.xcassets; sourceTree = "<group>"; };
		77D45FC71FAE96EB0034DDBA /* Base */ = {isa = PBXFileReference; lastKnownFileType = file.storyboard; name = Base; path = Base.lproj/LaunchScreen.storyboard; sourceTree = "<group>"; };
		77D45FC91FAE96EB0034DDBA /* Info.plist */ = {isa = PBXFileReference; lastKnownFileType = text.plist.xml; path = Info.plist; sourceTree = "<group>"; };
		B29BF32C00461D384F3C4620 /* Pods-BuckIt.debug.xcconfig */ = {isa = PBXFileReference; includeInIndex = 1; lastKnownFileType = text.xcconfig; name = "Pods-BuckIt.debug.xcconfig"; path = "Pods/Target Support Files/Pods-BuckIt/Pods-BuckIt.debug.xcconfig"; sourceTree = "<group>"; };
		C397DF291FB5B05F00D6C0AF /* FBSDKCoreKit.framework */ = {isa = PBXFileReference; explicitFileType = wrapper.framework; path = FBSDKCoreKit.framework; sourceTree = BUILT_PRODUCTS_DIR; };
		C397DF2B1FB5B06500D6C0AF /* FBSDKLoginKit.framework */ = {isa = PBXFileReference; explicitFileType = wrapper.framework; path = FBSDKLoginKit.framework; sourceTree = BUILT_PRODUCTS_DIR; };
		C397DF2D1FB5B08A00D6C0AF /* Pods_BuckIt.framework */ = {isa = PBXFileReference; explicitFileType = wrapper.framework; path = Pods_BuckIt.framework; sourceTree = BUILT_PRODUCTS_DIR; };
		C397DF2E1FB5B19000D6C0AF /* GoogleService-Info.plist */ = {isa = PBXFileReference; fileEncoding = 4; lastKnownFileType = text.plist.xml; path = "GoogleService-Info.plist"; sourceTree = SOURCE_ROOT; };
		E05A8A99200EE1C100C412B0 /* ProfileViewController.swift */ = {isa = PBXFileReference; lastKnownFileType = sourcecode.swift; path = ProfileViewController.swift; sourceTree = "<group>"; };
		E05D2D0E2015C07D001EF97C /* User.swift */ = {isa = PBXFileReference; lastKnownFileType = sourcecode.swift; path = User.swift; sourceTree = "<group>"; };
		E05D2D162015C4CB001EF97C /* TableViewCell.swift */ = {isa = PBXFileReference; lastKnownFileType = sourcecode.swift; path = TableViewCell.swift; sourceTree = "<group>"; };
		E08D6EE820116139003EC2DA /* EditProfileViewController.swift */ = {isa = PBXFileReference; lastKnownFileType = sourcecode.swift; path = EditProfileViewController.swift; sourceTree = "<group>"; };
		E0C1B9FF20147DD7009FE4D5 /* Profile.storyboard */ = {isa = PBXFileReference; lastKnownFileType = file.storyboard; path = Profile.storyboard; sourceTree = "<group>"; };
/* End PBXFileReference section */

/* Begin PBXFrameworksBuildPhase section */
		77D45FB71FAE96EB0034DDBA /* Frameworks */ = {
			isa = PBXFrameworksBuildPhase;
			buildActionMask = 2147483647;
			files = (
				C397DF2C1FB5B08A00D6C0AF /* Pods_BuckIt.framework in Frameworks */,
			);
			runOnlyForDeploymentPostprocessing = 0;
		};
/* End PBXFrameworksBuildPhase section */

/* Begin PBXGroup section */
		27C889B979A258FE19565CC5 /* Pods */ = {
			isa = PBXGroup;
			children = (
				B29BF32C00461D384F3C4620 /* Pods-BuckIt.debug.xcconfig */,
				1B5944A0585E1AA42CEFF7F4 /* Pods-BuckIt.release.xcconfig */,
			);
			name = Pods;
			sourceTree = "<group>";
		};
		77D45FB11FAE96EB0034DDBA = {
			isa = PBXGroup;
			children = (
				77D45FBC1FAE96EB0034DDBA /* BuckIt */,
				77D45FBB1FAE96EB0034DDBA /* Products */,
				27C889B979A258FE19565CC5 /* Pods */,
				9A8B634F22CBA66DCA32FBC7 /* Frameworks */,
			);
			sourceTree = "<group>";
		};
		77D45FBB1FAE96EB0034DDBA /* Products */ = {
			isa = PBXGroup;
			children = (
				77D45FBA1FAE96EB0034DDBA /* BuckIt.app */,
			);
			name = Products;
			sourceTree = "<group>";
		};
		77D45FBC1FAE96EB0034DDBA /* BuckIt */ = {
			isa = PBXGroup;
			children = (
				E05A8A98200EE19300C412B0 /* Profile */,
				77D45FBD1FAE96EB0034DDBA /* AppDelegate.swift */,
				77D45FBF1FAE96EB0034DDBA /* ViewController.swift */,
				77D45FC11FAE96EB0034DDBA /* Main.storyboard */,
				77D45FC41FAE96EB0034DDBA /* Assets.xcassets */,
				7770EC581FAEB054003F3B11 /* HomeViewController.swift */,
				77D45FC61FAE96EB0034DDBA /* LaunchScreen.storyboard */,
				77D45FC91FAE96EB0034DDBA /* Info.plist */,
				C397DF2E1FB5B19000D6C0AF /* GoogleService-Info.plist */,
			);
			path = BuckIt;
			sourceTree = "<group>";
		};
		9A8B634F22CBA66DCA32FBC7 /* Frameworks */ = {
			isa = PBXGroup;
			children = (
				C397DF2D1FB5B08A00D6C0AF /* Pods_BuckIt.framework */,
				C397DF2B1FB5B06500D6C0AF /* FBSDKLoginKit.framework */,
				C397DF291FB5B05F00D6C0AF /* FBSDKCoreKit.framework */,
				166D2B8B926599B77BC72311 /* Pods_BuckIt.framework */,
			);
			name = Frameworks;
			sourceTree = "<group>";
		};
		E05A8A98200EE19300C412B0 /* Profile */ = {
			isa = PBXGroup;
			children = (
				E05A8A99200EE1C100C412B0 /* ProfileViewController.swift */,
				E08D6EE820116139003EC2DA /* EditProfileViewController.swift */,
				E0C1B9FF20147DD7009FE4D5 /* Profile.storyboard */,
				E05D2D0E2015C07D001EF97C /* User.swift */,
				E05D2D162015C4CB001EF97C /* TableViewCell.swift */,
			);
			name = Profile;
			sourceTree = "<group>";
		};
/* End PBXGroup section */

/* Begin PBXNativeTarget section */
		77D45FB91FAE96EB0034DDBA /* BuckIt */ = {
			isa = PBXNativeTarget;
			buildConfigurationList = 77D45FCC1FAE96EB0034DDBA /* Build configuration list for PBXNativeTarget "BuckIt" */;
			buildPhases = (
				BD9DBDEC590716654CD8FC67 /* [CP] Check Pods Manifest.lock */,
				77D45FB61FAE96EB0034DDBA /* Sources */,
				77D45FB71FAE96EB0034DDBA /* Frameworks */,
				77D45FB81FAE96EB0034DDBA /* Resources */,
				FD0F548130D461BAA15A7E6A /* [CP] Embed Pods Frameworks */,
				F9EC6CBA32FA44D874789201 /* [CP] Copy Pods Resources */,
			);
			buildRules = (
			);
			dependencies = (
			);
			name = BuckIt;
			productName = BuckIt;
			productReference = 77D45FBA1FAE96EB0034DDBA /* BuckIt.app */;
			productType = "com.apple.product-type.application";
		};
/* End PBXNativeTarget section */

/* Begin PBXProject section */
		77D45FB21FAE96EB0034DDBA /* Project object */ = {
			isa = PBXProject;
			attributes = {
				LastSwiftUpdateCheck = 0910;
				LastUpgradeCheck = 0910;
				ORGANIZATIONNAME = "Samnang Sok";
				TargetAttributes = {
					77D45FB91FAE96EB0034DDBA = {
						CreatedOnToolsVersion = 9.1;
						LastSwiftMigration = 0910;
						ProvisioningStyle = Automatic;
					};
				};
			};
			buildConfigurationList = 77D45FB51FAE96EB0034DDBA /* Build configuration list for PBXProject "BuckIt" */;
			compatibilityVersion = "Xcode 8.0";
			developmentRegion = en;
			hasScannedForEncodings = 0;
			knownRegions = (
				en,
				Base,
			);
			mainGroup = 77D45FB11FAE96EB0034DDBA;
			productRefGroup = 77D45FBB1FAE96EB0034DDBA /* Products */;
			projectDirPath = "";
			projectRoot = "";
			targets = (
				77D45FB91FAE96EB0034DDBA /* BuckIt */,
			);
		};
/* End PBXProject section */

/* Begin PBXResourcesBuildPhase section */
		77D45FB81FAE96EB0034DDBA /* Resources */ = {
			isa = PBXResourcesBuildPhase;
			buildActionMask = 2147483647;
			files = (
				77D45FC81FAE96EB0034DDBA /* LaunchScreen.storyboard in Resources */,
				C397DF2F1FB5B19000D6C0AF /* GoogleService-Info.plist in Resources */,
				E0C1BA0020147DD7009FE4D5 /* Profile.storyboard in Resources */,
				77D45FC51FAE96EB0034DDBA /* Assets.xcassets in Resources */,
				77D45FC31FAE96EB0034DDBA /* Main.storyboard in Resources */,
			);
			runOnlyForDeploymentPostprocessing = 0;
		};
/* End PBXResourcesBuildPhase section */

/* Begin PBXShellScriptBuildPhase section */
		BD9DBDEC590716654CD8FC67 /* [CP] Check Pods Manifest.lock */ = {
			isa = PBXShellScriptBuildPhase;
			buildActionMask = 2147483647;
			files = (
			);
			inputPaths = (
				"${PODS_PODFILE_DIR_PATH}/Podfile.lock",
				"${PODS_ROOT}/Manifest.lock",
			);
			name = "[CP] Check Pods Manifest.lock";
			outputPaths = (
				"$(DERIVED_FILE_DIR)/Pods-BuckIt-checkManifestLockResult.txt",
			);
			runOnlyForDeploymentPostprocessing = 0;
			shellPath = /bin/sh;
			shellScript = "diff \"${PODS_PODFILE_DIR_PATH}/Podfile.lock\" \"${PODS_ROOT}/Manifest.lock\" > /dev/null\nif [ $? != 0 ] ; then\n    # print error to STDERR\n    echo \"error: The sandbox is not in sync with the Podfile.lock. Run 'pod install' or update your CocoaPods installation.\" >&2\n    exit 1\nfi\n# This output is used by Xcode 'outputs' to avoid re-running this script phase.\necho \"SUCCESS\" > \"${SCRIPT_OUTPUT_FILE_0}\"\n";
			showEnvVarsInLog = 0;
		};
		F9EC6CBA32FA44D874789201 /* [CP] Copy Pods Resources */ = {
			isa = PBXShellScriptBuildPhase;
			buildActionMask = 2147483647;
			files = (
			);
			inputPaths = (
				"${SRCROOT}/Pods/Target Support Files/Pods-BuckIt/Pods-BuckIt-resources.sh",
				"${PODS_ROOT}/GoogleSignIn/Resources/GoogleSignIn.bundle",
			);
			name = "[CP] Copy Pods Resources";
			outputPaths = (
				"${TARGET_BUILD_DIR}/${UNLOCALIZED_RESOURCES_FOLDER_PATH}",
			);
			runOnlyForDeploymentPostprocessing = 0;
			shellPath = /bin/sh;
			shellScript = "\"${SRCROOT}/Pods/Target Support Files/Pods-BuckIt/Pods-BuckIt-resources.sh\"\n";
			showEnvVarsInLog = 0;
		};
		FD0F548130D461BAA15A7E6A /* [CP] Embed Pods Frameworks */ = {
			isa = PBXShellScriptBuildPhase;
			buildActionMask = 2147483647;
			files = (
			);
			inputPaths = (
				"${SRCROOT}/Pods/Target Support Files/Pods-BuckIt/Pods-BuckIt-frameworks.sh",
				"${BUILT_PRODUCTS_DIR}/Bolts/Bolts.framework",
				"${BUILT_PRODUCTS_DIR}/FBSDKCoreKit/FBSDKCoreKit.framework",
				"${BUILT_PRODUCTS_DIR}/FBSDKLoginKit/FBSDKLoginKit.framework",
				"${BUILT_PRODUCTS_DIR}/FBSDKShareKit/FBSDKShareKit.framework",
				"${BUILT_PRODUCTS_DIR}/GTMOAuth2/GTMOAuth2.framework",
				"${BUILT_PRODUCTS_DIR}/GTMSessionFetcher/GTMSessionFetcher.framework",
				"${BUILT_PRODUCTS_DIR}/GoogleToolboxForMac/GoogleToolboxForMac.framework",
				"${BUILT_PRODUCTS_DIR}/nanopb/nanopb.framework",
			);
			name = "[CP] Embed Pods Frameworks";
			outputPaths = (
				"${TARGET_BUILD_DIR}/${FRAMEWORKS_FOLDER_PATH}/Bolts.framework",
				"${TARGET_BUILD_DIR}/${FRAMEWORKS_FOLDER_PATH}/FBSDKCoreKit.framework",
				"${TARGET_BUILD_DIR}/${FRAMEWORKS_FOLDER_PATH}/FBSDKLoginKit.framework",
				"${TARGET_BUILD_DIR}/${FRAMEWORKS_FOLDER_PATH}/FBSDKShareKit.framework",
				"${TARGET_BUILD_DIR}/${FRAMEWORKS_FOLDER_PATH}/GTMOAuth2.framework",
				"${TARGET_BUILD_DIR}/${FRAMEWORKS_FOLDER_PATH}/GTMSessionFetcher.framework",
				"${TARGET_BUILD_DIR}/${FRAMEWORKS_FOLDER_PATH}/GoogleToolboxForMac.framework",
				"${TARGET_BUILD_DIR}/${FRAMEWORKS_FOLDER_PATH}/nanopb.framework",
			);
			runOnlyForDeploymentPostprocessing = 0;
			shellPath = /bin/sh;
			shellScript = "\"${SRCROOT}/Pods/Target Support Files/Pods-BuckIt/Pods-BuckIt-frameworks.sh\"\n";
			showEnvVarsInLog = 0;
		};
/* End PBXShellScriptBuildPhase section */

/* Begin PBXSourcesBuildPhase section */
		77D45FB61FAE96EB0034DDBA /* Sources */ = {
			isa = PBXSourcesBuildPhase;
			buildActionMask = 2147483647;
			files = (
				77D45FC01FAE96EB0034DDBA /* ViewController.swift in Sources */,
				77D45FBE1FAE96EB0034DDBA /* AppDelegate.swift in Sources */,
				E05D2D0F2015C07D001EF97C /* User.swift in Sources */,
				E05A8A9A200EE1C100C412B0 /* ProfileViewController.swift in Sources */,
				E08D6EE920116139003EC2DA /* EditProfileViewController.swift in Sources */,
				E05D2D172015C4CB001EF97C /* TableViewCell.swift in Sources */,
				7770EC591FAEB054003F3B11 /* HomeViewController.swift in Sources */,
			);
			runOnlyForDeploymentPostprocessing = 0;
		};
/* End PBXSourcesBuildPhase section */

/* Begin PBXVariantGroup section */
		77D45FC11FAE96EB0034DDBA /* Main.storyboard */ = {
			isa = PBXVariantGroup;
			children = (
				77D45FC21FAE96EB0034DDBA /* Base */,
			);
			name = Main.storyboard;
			sourceTree = "<group>";
		};
		77D45FC61FAE96EB0034DDBA /* LaunchScreen.storyboard */ = {
			isa = PBXVariantGroup;
			children = (
				77D45FC71FAE96EB0034DDBA /* Base */,
			);
			name = LaunchScreen.storyboard;
			sourceTree = "<group>";
		};
/* End PBXVariantGroup section */

/* Begin XCBuildConfiguration section */
		77D45FCA1FAE96EB0034DDBA /* Debug */ = {
			isa = XCBuildConfiguration;
			buildSettings = {
				ALWAYS_SEARCH_USER_PATHS = NO;
				CLANG_ANALYZER_NONNULL = YES;
				CLANG_ANALYZER_NUMBER_OBJECT_CONVERSION = YES_AGGRESSIVE;
				CLANG_CXX_LANGUAGE_STANDARD = "gnu++14";
				CLANG_CXX_LIBRARY = "libc++";
				CLANG_ENABLE_MODULES = YES;
				CLANG_ENABLE_OBJC_ARC = YES;
				CLANG_WARN_BLOCK_CAPTURE_AUTORELEASING = YES;
				CLANG_WARN_BOOL_CONVERSION = YES;
				CLANG_WARN_COMMA = YES;
				CLANG_WARN_CONSTANT_CONVERSION = YES;
				CLANG_WARN_DIRECT_OBJC_ISA_USAGE = YES_ERROR;
				CLANG_WARN_DOCUMENTATION_COMMENTS = YES;
				CLANG_WARN_EMPTY_BODY = YES;
				CLANG_WARN_ENUM_CONVERSION = YES;
				CLANG_WARN_INFINITE_RECURSION = YES;
				CLANG_WARN_INT_CONVERSION = YES;
				CLANG_WARN_NON_LITERAL_NULL_CONVERSION = YES;
				CLANG_WARN_OBJC_LITERAL_CONVERSION = YES;
				CLANG_WARN_OBJC_ROOT_CLASS = YES_ERROR;
				CLANG_WARN_RANGE_LOOP_ANALYSIS = YES;
				CLANG_WARN_STRICT_PROTOTYPES = YES;
				CLANG_WARN_SUSPICIOUS_MOVE = YES;
				CLANG_WARN_UNGUARDED_AVAILABILITY = YES_AGGRESSIVE;
				CLANG_WARN_UNREACHABLE_CODE = YES;
				CLANG_WARN__DUPLICATE_METHOD_MATCH = YES;
				CODE_SIGN_IDENTITY = "iPhone Developer";
				COPY_PHASE_STRIP = NO;
				DEBUG_INFORMATION_FORMAT = dwarf;
				ENABLE_STRICT_OBJC_MSGSEND = YES;
				ENABLE_TESTABILITY = YES;
				GCC_C_LANGUAGE_STANDARD = gnu11;
				GCC_DYNAMIC_NO_PIC = NO;
				GCC_NO_COMMON_BLOCKS = YES;
				GCC_OPTIMIZATION_LEVEL = 0;
				GCC_PREPROCESSOR_DEFINITIONS = (
					"DEBUG=1",
					"$(inherited)",
				);
				GCC_WARN_64_TO_32_BIT_CONVERSION = YES;
				GCC_WARN_ABOUT_RETURN_TYPE = YES_ERROR;
				GCC_WARN_UNDECLARED_SELECTOR = YES;
				GCC_WARN_UNINITIALIZED_AUTOS = YES_AGGRESSIVE;
				GCC_WARN_UNUSED_FUNCTION = YES;
				GCC_WARN_UNUSED_VARIABLE = YES;
				IPHONEOS_DEPLOYMENT_TARGET = 11.1;
				MTL_ENABLE_DEBUG_INFO = YES;
				ONLY_ACTIVE_ARCH = YES;
				SDKROOT = iphoneos;
				SWIFT_ACTIVE_COMPILATION_CONDITIONS = DEBUG;
				SWIFT_OPTIMIZATION_LEVEL = "-Onone";
			};
			name = Debug;
		};
		77D45FCB1FAE96EB0034DDBA /* Release */ = {
			isa = XCBuildConfiguration;
			buildSettings = {
				ALWAYS_SEARCH_USER_PATHS = NO;
				CLANG_ANALYZER_NONNULL = YES;
				CLANG_ANALYZER_NUMBER_OBJECT_CONVERSION = YES_AGGRESSIVE;
				CLANG_CXX_LANGUAGE_STANDARD = "gnu++14";
				CLANG_CXX_LIBRARY = "libc++";
				CLANG_ENABLE_MODULES = YES;
				CLANG_ENABLE_OBJC_ARC = YES;
				CLANG_WARN_BLOCK_CAPTURE_AUTORELEASING = YES;
				CLANG_WARN_BOOL_CONVERSION = YES;
				CLANG_WARN_COMMA = YES;
				CLANG_WARN_CONSTANT_CONVERSION = YES;
				CLANG_WARN_DIRECT_OBJC_ISA_USAGE = YES_ERROR;
				CLANG_WARN_DOCUMENTATION_COMMENTS = YES;
				CLANG_WARN_EMPTY_BODY = YES;
				CLANG_WARN_ENUM_CONVERSION = YES;
				CLANG_WARN_INFINITE_RECURSION = YES;
				CLANG_WARN_INT_CONVERSION = YES;
				CLANG_WARN_NON_LITERAL_NULL_CONVERSION = YES;
				CLANG_WARN_OBJC_LITERAL_CONVERSION = YES;
				CLANG_WARN_OBJC_ROOT_CLASS = YES_ERROR;
				CLANG_WARN_RANGE_LOOP_ANALYSIS = YES;
				CLANG_WARN_STRICT_PROTOTYPES = YES;
				CLANG_WARN_SUSPICIOUS_MOVE = YES;
				CLANG_WARN_UNGUARDED_AVAILABILITY = YES_AGGRESSIVE;
				CLANG_WARN_UNREACHABLE_CODE = YES;
				CLANG_WARN__DUPLICATE_METHOD_MATCH = YES;
				CODE_SIGN_IDENTITY = "iPhone Developer";
				COPY_PHASE_STRIP = NO;
				DEBUG_INFORMATION_FORMAT = "dwarf-with-dsym";
				ENABLE_NS_ASSERTIONS = NO;
				ENABLE_STRICT_OBJC_MSGSEND = YES;
				GCC_C_LANGUAGE_STANDARD = gnu11;
				GCC_NO_COMMON_BLOCKS = YES;
				GCC_WARN_64_TO_32_BIT_CONVERSION = YES;
				GCC_WARN_ABOUT_RETURN_TYPE = YES_ERROR;
				GCC_WARN_UNDECLARED_SELECTOR = YES;
				GCC_WARN_UNINITIALIZED_AUTOS = YES_AGGRESSIVE;
				GCC_WARN_UNUSED_FUNCTION = YES;
				GCC_WARN_UNUSED_VARIABLE = YES;
				IPHONEOS_DEPLOYMENT_TARGET = 11.1;
				MTL_ENABLE_DEBUG_INFO = NO;
				SDKROOT = iphoneos;
				SWIFT_OPTIMIZATION_LEVEL = "-Owholemodule";
				VALIDATE_PRODUCT = YES;
			};
			name = Release;
		};
		77D45FCD1FAE96EB0034DDBA /* Debug */ = {
			isa = XCBuildConfiguration;
			baseConfigurationReference = B29BF32C00461D384F3C4620 /* Pods-BuckIt.debug.xcconfig */;
			buildSettings = {
				ASSETCATALOG_COMPILER_APPICON_NAME = AppIcon;
				CLANG_ENABLE_MODULES = YES;
				CODE_SIGN_STYLE = Automatic;
				DEVELOPMENT_TEAM = "";
				INFOPLIST_FILE = BuckIt/Info.plist;
				LD_RUNPATH_SEARCH_PATHS = "$(inherited) @executable_path/Frameworks";
				PRODUCT_BUNDLE_IDENTIFIER = SJSU.BuckIt;
				PRODUCT_NAME = "$(TARGET_NAME)";
				SWIFT_OBJC_BRIDGING_HEADER = "";
				SWIFT_OPTIMIZATION_LEVEL = "-Onone";
				SWIFT_VERSION = 4.0;
				TARGETED_DEVICE_FAMILY = "1,2";
			};
			name = Debug;
		};
		77D45FCE1FAE96EB0034DDBA /* Release */ = {
			isa = XCBuildConfiguration;
			baseConfigurationReference = 1B5944A0585E1AA42CEFF7F4 /* Pods-BuckIt.release.xcconfig */;
			buildSettings = {
				ASSETCATALOG_COMPILER_APPICON_NAME = AppIcon;
				CLANG_ENABLE_MODULES = YES;
				CODE_SIGN_STYLE = Automatic;
				DEVELOPMENT_TEAM = "";
				INFOPLIST_FILE = BuckIt/Info.plist;
				LD_RUNPATH_SEARCH_PATHS = "$(inherited) @executable_path/Frameworks";
				PRODUCT_BUNDLE_IDENTIFIER = SJSU.BuckIt;
				PRODUCT_NAME = "$(TARGET_NAME)";
				SWIFT_OBJC_BRIDGING_HEADER = "";
				SWIFT_VERSION = 4.0;
				TARGETED_DEVICE_FAMILY = "1,2";
			};
			name = Release;
		};
/* End XCBuildConfiguration section */

/* Begin XCConfigurationList section */
		77D45FB51FAE96EB0034DDBA /* Build configuration list for PBXProject "BuckIt" */ = {
			isa = XCConfigurationList;
			buildConfigurations = (
				77D45FCA1FAE96EB0034DDBA /* Debug */,
				77D45FCB1FAE96EB0034DDBA /* Release */,
			);
			defaultConfigurationIsVisible = 0;
			defaultConfigurationName = Release;
		};
		77D45FCC1FAE96EB0034DDBA /* Build configuration list for PBXNativeTarget "BuckIt" */ = {
			isa = XCConfigurationList;
			buildConfigurations = (
				77D45FCD1FAE96EB0034DDBA /* Debug */,
				77D45FCE1FAE96EB0034DDBA /* Release */,
			);
			defaultConfigurationIsVisible = 0;
			defaultConfigurationName = Release;
		};
/* End XCConfigurationList section */
	};
	rootObject = 77D45FB21FAE96EB0034DDBA /* Project object */;
}
